
Microsoft Visual Studio Solution File, Format Version 12.00
# Visual Studio Version 17
VisualStudioVersion = 17.14.36429.23 d17.14
MinimumVisualStudioVersion = 10.0.40219.1
Project("{8BC9CEB8-8B4A-11D0-8D11-00A0C91BC942}") = "BSAi-25019_Grand-Ass", "BSAi-25019_Grand-Ass.vcxproj", "{5AD5A437-CBD2-4DE4-BCA1-DA35518D386A}"
EndProject
Global
	GlobalSection(SolutionConfigurationPlatforms) = preSolution
		Debug|x64 = Debug|x64
		Debug|x86 = Debug|x86
		Release|x64 = Release|x64
		Release|x86 = Release|x86
	EndGlobalSection
	GlobalSection(ProjectConfigurationPlatforms) = postSolution
		{5AD5A437-CBD2-4DE4-BCA1-DA35518D386A}.Debug|x64.ActiveCfg = Debug|x64
		{5AD5A437-CBD2-4DE4-BCA1-DA35518D386A}.Debug|x64.Build.0 = Debug|x64
		{5AD5A437-CBD2-4DE4-BCA1-DA35518D386A}.Debug|x86.ActiveCfg = Debug|Win32
		{5AD5A437-CBD2-4DE4-BCA1-DA35518D386A}.Debug|x86.Build.0 = Debug|Win32
		{5AD5A437-CBD2-4DE4-BCA1-DA35518D386A}.Release|x64.ActiveCfg = Release|x64
		{5AD5A437-CBD2-4DE4-BCA1-DA35518D386A}.Release|x64.Build.0 = Release|x64
		{5AD5A437-CBD2-4DE4-BCA1-DA35518D386A}.Release|x86.ActiveCfg = Release|Win32
		{5AD5A437-CBD2-4DE4-BCA1-DA35518D386A}.Release|x86.Build.0 = Release|Win32
	EndGlobalSection
	GlobalSection(SolutionProperties) = preSolution
		HideSolutionNode = FALSE
	EndGlobalSection
	GlobalSection(ExtensibilityGlobals) = postSolution
		SolutionGuid = {25A91EA5-CDE9-4FEF-93D8-63756357EDB0}
	EndGlobalSection
EndGlobal
